
Microsoft Visual Studio Solution File, Format Version 12.00
# Visual Studio 15
VisualStudioVersion = 15.0.25428.1
MinimumVisualStudioVersion = 10.0.40219.1
Project("{FAE04EC0-301F-11D3-BF4B-00C04F79EFBC}") = "dehungarian", "dehungarian\dehungarian\dehungarian.csproj", "{98569C68-329E-4CEF-91B1-F6FA9605BDB3}"
EndProject
Project("{FAE04EC0-301F-11D3-BF4B-00C04F79EFBC}") = "dehungarian.Vsix", "dehungarian\dehungarian.Vsix\dehungarian.Vsix.csproj", "{7C07C82F-9252-46DC-89BB-9A5811A48492}"
EndProject
Global
	GlobalSection(SolutionConfigurationPlatforms) = preSolution
		Debug|Any CPU = Debug|Any CPU
		Release|Any CPU = Release|Any CPU
	EndGlobalSection
	GlobalSection(ProjectConfigurationPlatforms) = postSolution
		{98569C68-329E-4CEF-91B1-F6FA9605BDB3}.Debug|Any CPU.ActiveCfg = Debug|Any CPU
		{98569C68-329E-4CEF-91B1-F6FA9605BDB3}.Debug|Any CPU.Build.0 = Debug|Any CPU
		{98569C68-329E-4CEF-91B1-F6FA9605BDB3}.Release|Any CPU.ActiveCfg = Release|Any CPU
		{98569C68-329E-4CEF-91B1-F6FA9605BDB3}.Release|Any CPU.Build.0 = Release|Any CPU
		{7C07C82F-9252-46DC-89BB-9A5811A48492}.Debug|Any CPU.ActiveCfg = Debug|Any CPU
		{7C07C82F-9252-46DC-89BB-9A5811A48492}.Debug|Any CPU.Build.0 = Debug|Any CPU
		{7C07C82F-9252-46DC-89BB-9A5811A48492}.Release|Any CPU.ActiveCfg = Release|Any CPU
		{7C07C82F-9252-46DC-89BB-9A5811A48492}.Release|Any CPU.Build.0 = Release|Any CPU
	EndGlobalSection
	GlobalSection(SolutionProperties) = preSolution
		HideSolutionNode = FALSE
	EndGlobalSection
EndGlobal
